{
  "name": "@spacingbat3/lss",
  "version": "1.0.0",
  "lockfileVersion": 3,
  "requires": true,
  "packages": {
    "": {
      "name": "@spacingbat3/lss",
      "version": "1.0.0",
      "license": "ISC",
      "devDependencies": {
        "@tsconfig/strictest": "^1.0.2"
      }
    },
    "node_modules/@tsconfig/strictest": {
      "version": "1.0.2",
      "resolved": "https://registry.npmjs.org/@tsconfig/strictest/-/strictest-1.0.2.tgz",
      "integrity": "sha512-IRKlC8cnP7zMz1SDBjyIVyPapkEGWLZ6wkF6Z8T+xU80P9sO5uGXlIUvtzjx+7ehPJRWxkB6CeIDwUfyqNtYkQ==",
      "dev": true
    }
  }
}
